// !$*UTF8*$!
{
	archiveVersion = 1;
	classes = {
	};
	objectVersion = 48;
	objects = {

/* Begin PBXBuildFile section */
		D85E83321F558AE400E025C7 /* AppDelegate.swift in Sources */ = {isa = PBXBuildFile; fileRef = D85E83311F558AE400E025C7 /* AppDelegate.swift */; };
		D85E833A1F558AE400E025C7 /* ShopifyApp.xcdatamodeld in Sources */ = {isa = PBXBuildFile; fileRef = D85E83381F558AE400E025C7 /* ShopifyApp.xcdatamodeld */; };
		D85E833C1F558AE400E025C7 /* Assets.xcassets in Resources */ = {isa = PBXBuildFile; fileRef = D85E833B1F558AE400E025C7 /* Assets.xcassets */; };
		D85E833F1F558AE400E025C7 /* LaunchScreen.storyboard in Resources */ = {isa = PBXBuildFile; fileRef = D85E833D1F558AE400E025C7 /* LaunchScreen.storyboard */; };
		D85E83471F559B3200E025C7 /* ShopifyViewController.swift in Sources */ = {isa = PBXBuildFile; fileRef = D85E83461F559B3200E025C7 /* ShopifyViewController.swift */; };
		D85E83491F55C62D00E025C7 /* ItemModel.swift in Sources */ = {isa = PBXBuildFile; fileRef = D85E83481F55C62D00E025C7 /* ItemModel.swift */; };
		D85E834B1F55C63E00E025C7 /* CustomerModel.swift in Sources */ = {isa = PBXBuildFile; fileRef = D85E834A1F55C63E00E025C7 /* CustomerModel.swift */; };
		D85E83511F55CB8700E025C7 /* Serialization.swift in Sources */ = {isa = PBXBuildFile; fileRef = D85E83501F55CB8700E025C7 /* Serialization.swift */; };
		D85E83531F55CEEE00E025C7 /* APIResources.swift in Sources */ = {isa = PBXBuildFile; fileRef = D85E83521F55CEEE00E025C7 /* APIResources.swift */; };
		D85E83551F565A6B00E025C7 /* OrderModel.swift in Sources */ = {isa = PBXBuildFile; fileRef = D85E83541F565A6B00E025C7 /* OrderModel.swift */; };
		D85E83571F56B2CC00E025C7 /* NetworkRequest.swift in Sources */ = {isa = PBXBuildFile; fileRef = D85E83561F56B2CC00E025C7 /* NetworkRequest.swift */; };
		D85E83581F58FA1D00E025C7 /* Main.storyboard in Resources */ = {isa = PBXBuildFile; fileRef = D85E834F1F55C6E000E025C7 /* Main.storyboard */; };
/* End PBXBuildFile section */

/* Begin PBXFileReference section */
		D85E832E1F558AE400E025C7 /* ShopifyApp.app */ = {isa = PBXFileReference; explicitFileType = wrapper.application; includeInIndex = 0; path = ShopifyApp.app; sourceTree = BUILT_PRODUCTS_DIR; };
		D85E83311F558AE400E025C7 /* AppDelegate.swift */ = {isa = PBXFileReference; lastKnownFileType = sourcecode.swift; path = AppDelegate.swift; sourceTree = "<group>"; };
		D85E83391F558AE400E025C7 /* ShopifyApp.xcdatamodel */ = {isa = PBXFileReference; lastKnownFileType = wrapper.xcdatamodel; path = ShopifyApp.xcdatamodel; sourceTree = "<group>"; };
		D85E833B1F558AE400E025C7 /* Assets.xcassets */ = {isa = PBXFileReference; lastKnownFileType = folder.assetcatalog; path = Assets.xcassets; sourceTree = "<group>"; };
		D85E833E1F558AE400E025C7 /* Base */ = {isa = PBXFileReference; lastKnownFileType = file.storyboard; name = Base; path = Base.lproj/LaunchScreen.storyboard; sourceTree = "<group>"; };
		D85E83401F558AE400E025C7 /* Info.plist */ = {isa = PBXFileReference; lastKnownFileType = text.plist.xml; path = Info.plist; sourceTree = "<group>"; };
		D85E83461F559B3200E025C7 /* ShopifyViewController.swift */ = {isa = PBXFileReference; lastKnownFileType = sourcecode.swift; path = ShopifyViewController.swift; sourceTree = "<group>"; };
		D85E83481F55C62D00E025C7 /* ItemModel.swift */ = {isa = PBXFileReference; lastKnownFileType = sourcecode.swift; path = ItemModel.swift; sourceTree = "<group>"; };
		D85E834A1F55C63E00E025C7 /* CustomerModel.swift */ = {isa = PBXFileReference; lastKnownFileType = sourcecode.swift; path = CustomerModel.swift; sourceTree = "<group>"; };
		D85E834F1F55C6E000E025C7 /* Main.storyboard */ = {isa = PBXFileReference; lastKnownFileType = file.storyboard; path = Main.storyboard; sourceTree = "<group>"; };
		D85E83501F55CB8700E025C7 /* Serialization.swift */ = {isa = PBXFileReference; lastKnownFileType = sourcecode.swift; path = Serialization.swift; sourceTree = "<group>"; };
		D85E83521F55CEEE00E025C7 /* APIResources.swift */ = {isa = PBXFileReference; lastKnownFileType = sourcecode.swift; path = APIResources.swift; sourceTree = "<group>"; };
		D85E83541F565A6B00E025C7 /* OrderModel.swift */ = {isa = PBXFileReference; lastKnownFileType = sourcecode.swift; path = OrderModel.swift; sourceTree = "<group>"; };
		D85E83561F56B2CC00E025C7 /* NetworkRequest.swift */ = {isa = PBXFileReference; lastKnownFileType = sourcecode.swift; path = NetworkRequest.swift; sourceTree = "<group>"; };
/* End PBXFileReference section */

/* Begin PBXFrameworksBuildPhase section */
		D85E832B1F558AE400E025C7 /* Frameworks */ = {
			isa = PBXFrameworksBuildPhase;
			buildActionMask = 2147483647;
			files = (
			);
			runOnlyForDeploymentPostprocessing = 0;
		};
/* End PBXFrameworksBuildPhase section */

/* Begin PBXGroup section */
		D85E83251F558AE400E025C7 = {
			isa = PBXGroup;
			children = (
				D85E83301F558AE400E025C7 /* ShopifyApp */,
				D85E832F1F558AE400E025C7 /* Products */,
			);
			sourceTree = "<group>";
		};
		D85E832F1F558AE400E025C7 /* Products */ = {
			isa = PBXGroup;
			children = (
				D85E832E1F558AE400E025C7 /* ShopifyApp.app */,
			);
			name = Products;
			sourceTree = "<group>";
		};
		D85E83301F558AE400E025C7 /* ShopifyApp */ = {
			isa = PBXGroup;
			children = (
				D85E834F1F55C6E000E025C7 /* Main.storyboard */,
				D85E834C1F55C64400E025C7 /* Models */,
				D85E83311F558AE400E025C7 /* AppDelegate.swift */,
				D85E83461F559B3200E025C7 /* ShopifyViewController.swift */,
				D85E833B1F558AE400E025C7 /* Assets.xcassets */,
				D85E833D1F558AE400E025C7 /* LaunchScreen.storyboard */,
				D85E83401F558AE400E025C7 /* Info.plist */,
				D85E83381F558AE400E025C7 /* ShopifyApp.xcdatamodeld */,
				D85E83501F55CB8700E025C7 /* Serialization.swift */,
				D85E83521F55CEEE00E025C7 /* APIResources.swift */,
				D85E83561F56B2CC00E025C7 /* NetworkRequest.swift */,
			);
			path = ShopifyApp;
			sourceTree = "<group>";
		};
		D85E834C1F55C64400E025C7 /* Models */ = {
			isa = PBXGroup;
			children = (
				D85E83481F55C62D00E025C7 /* ItemModel.swift */,
				D85E834A1F55C63E00E025C7 /* CustomerModel.swift */,
				D85E83541F565A6B00E025C7 /* OrderModel.swift */,
			);
			path = Models;
			sourceTree = "<group>";
		};
/* End PBXGroup section */

/* Begin PBXNativeTarget section */
		D85E832D1F558AE400E025C7 /* ShopifyApp */ = {
			isa = PBXNativeTarget;
			buildConfigurationList = D85E83431F558AE400E025C7 /* Build configuration list for PBXNativeTarget "ShopifyApp" */;
			buildPhases = (
				D85E832A1F558AE400E025C7 /* Sources */,
				D85E832B1F558AE400E025C7 /* Frameworks */,
				D85E832C1F558AE400E025C7 /* Resources */,
			);
			buildRules = (
			);
			dependencies = (
			);
			name = ShopifyApp;
			productName = ShopifyApp;
			productReference = D85E832E1F558AE400E025C7 /* ShopifyApp.app */;
			productType = "com.apple.product-type.application";
		};
/* End PBXNativeTarget section */

/* Begin PBXProject section */
		D85E83261F558AE400E025C7 /* Project object */ = {
			isa = PBXProject;
			attributes = {
				LastSwiftUpdateCheck = 0900;
				LastUpgradeCheck = 0900;
				ORGANIZATIONNAME = "Aditya Maru";
				TargetAttributes = {
					D85E832D1F558AE400E025C7 = {
						CreatedOnToolsVersion = 9.0;
					};
				};
			};
			buildConfigurationList = D85E83291F558AE400E025C7 /* Build configuration list for PBXProject "ShopifyApp" */;
			compatibilityVersion = "Xcode 8.0";
			developmentRegion = en;
			hasScannedForEncodings = 0;
			knownRegions = (
				en,
				Base,
			);
			mainGroup = D85E83251F558AE400E025C7;
			productRefGroup = D85E832F1F558AE400E025C7 /* Products */;
			projectDirPath = "";
			projectRoot = "";
			targets = (
				D85E832D1F558AE400E025C7 /* ShopifyApp */,
			);
		};
/* End PBXProject section */

/* Begin PBXResourcesBuildPhase section */
		D85E832C1F558AE400E025C7 /* Resources */ = {
			isa = PBXResourcesBuildPhase;
			buildActionMask = 2147483647;
			files = (
				D85E83581F58FA1D00E025C7 /* Main.storyboard in Resources */,
				D85E833F1F558AE400E025C7 /* LaunchScreen.storyboard in Resources */,
				D85E833C1F558AE400E025C7 /* Assets.xcassets in Resources */,
			);
			runOnlyForDeploymentPostprocessing = 0;
		};
/* End PBXResourcesBuildPhase section */

/* Begin PBXSourcesBuildPhase section */
		D85E832A1F558AE400E025C7 /* Sources */ = {
			isa = PBXSourcesBuildPhase;
			buildActionMask = 2147483647;
			files = (
				D85E83551F565A6B00E025C7 /* OrderModel.swift in Sources */,
				D85E83491F55C62D00E025C7 /* ItemModel.swift in Sources */,
				D85E83531F55CEEE00E025C7 /* APIResources.swift in Sources */,
				D85E834B1F55C63E00E025C7 /* CustomerModel.swift in Sources */,
				D85E833A1F558AE400E025C7 /* ShopifyApp.xcdatamodeld in Sources */,
				D85E83321F558AE400E025C7 /* AppDelegate.swift in Sources */,
				D85E83511F55CB8700E025C7 /* Serialization.swift in Sources */,
				D85E83571F56B2CC00E025C7 /* NetworkRequest.swift in Sources */,
				D85E83471F559B3200E025C7 /* ShopifyViewController.swift in Sources */,
			);
			runOnlyForDeploymentPostprocessing = 0;
		};
/* End PBXSourcesBuildPhase section */

/* Begin PBXVariantGroup section */
		D85E833D1F558AE400E025C7 /* LaunchScreen.storyboard */ = {
			isa = PBXVariantGroup;
			children = (
				D85E833E1F558AE400E025C7 /* Base */,
			);
			name = LaunchScreen.storyboard;
			sourceTree = "<group>";
		};
/* End PBXVariantGroup section */

/* Begin XCBuildConfiguration section */
		D85E83411F558AE400E025C7 /* Debug */ = {
			isa = XCBuildConfiguration;
			buildSettings = {
				ALWAYS_SEARCH_USER_PATHS = NO;
				CLANG_ANALYZER_NONNULL = YES;
				CLANG_ANALYZER_NUMBER_OBJECT_CONVERSION = YES_AGGRESSIVE;
				CLANG_CXX_LANGUAGE_STANDARD = "gnu++14";
				CLANG_CXX_LIBRARY = "libc++";
				CLANG_ENABLE_MODULES = YES;
				CLANG_ENABLE_OBJC_ARC = YES;
				CLANG_WARN_BLOCK_CAPTURE_AUTORELEASING = YES;
				CLANG_WARN_BOOL_CONVERSION = YES;
				CLANG_WARN_COMMA = YES;
				CLANG_WARN_CONSTANT_CONVERSION = YES;
				CLANG_WARN_DIRECT_OBJC_ISA_USAGE = YES_ERROR;
				CLANG_WARN_DOCUMENTATION_COMMENTS = YES;
				CLANG_WARN_EMPTY_BODY = YES;
				CLANG_WARN_ENUM_CONVERSION = YES;
				CLANG_WARN_INFINITE_RECURSION = YES;
				CLANG_WARN_INT_CONVERSION = YES;
				CLANG_WARN_OBJC_ROOT_CLASS = YES_ERROR;
				CLANG_WARN_RANGE_LOOP_ANALYSIS = YES;
				CLANG_WARN_STRICT_PROTOTYPES = YES;
				CLANG_WARN_SUSPICIOUS_MOVE = YES;
				CLANG_WARN_UNGUARDED_AVAILABILITY = YES_AGGRESSIVE;
				CLANG_WARN_UNREACHABLE_CODE = YES;
				CLANG_WARN__DUPLICATE_METHOD_MATCH = YES;
				CODE_SIGN_IDENTITY = "iPhone Developer";
				COPY_PHASE_STRIP = NO;
				DEBUG_INFORMATION_FORMAT = dwarf;
				ENABLE_STRICT_OBJC_MSGSEND = YES;
				ENABLE_TESTABILITY = YES;
				GCC_C_LANGUAGE_STANDARD = gnu11;
				GCC_DYNAMIC_NO_PIC = NO;
				GCC_NO_COMMON_BLOCKS = YES;
				GCC_OPTIMIZATION_LEVEL = 0;
				GCC_PREPROCESSOR_DEFINITIONS = (
					"DEBUG=1",
					"$(inherited)",
				);
				GCC_WARN_64_TO_32_BIT_CONVERSION = YES;
				GCC_WARN_ABOUT_RETURN_TYPE = YES_ERROR;
				GCC_WARN_UNDECLARED_SELECTOR = YES;
				GCC_WARN_UNINITIALIZED_AUTOS = YES_AGGRESSIVE;
				GCC_WARN_UNUSED_FUNCTION = YES;
				GCC_WARN_UNUSED_VARIABLE = YES;
				IPHONEOS_DEPLOYMENT_TARGET = 11.0;
				MTL_ENABLE_DEBUG_INFO = YES;
				ONLY_ACTIVE_ARCH = YES;
				SDKROOT = iphoneos;
				SWIFT_ACTIVE_COMPILATION_CONDITIONS = DEBUG;
				SWIFT_OPTIMIZATION_LEVEL = "-Onone";
			};
			name = Debug;
		};
		D85E83421F558AE400E025C7 /* Release */ = {
			isa = XCBuildConfiguration;
			buildSettings = {
				ALWAYS_SEARCH_USER_PATHS = NO;
				CLANG_ANALYZER_NONNULL = YES;
				CLANG_ANALYZER_NUMBER_OBJECT_CONVERSION = YES_AGGRESSIVE;
				CLANG_CXX_LANGUAGE_STANDARD = "gnu++14";
				CLANG_CXX_LIBRARY = "libc++";
				CLANG_ENABLE_MODULES = YES;
				CLANG_ENABLE_OBJC_ARC = YES;
				CLANG_WARN_BLOCK_CAPTURE_AUTORELEASING = YES;
				CLANG_WARN_BOOL_CONVERSION = YES;
				CLANG_WARN_COMMA = YES;
				CLANG_WARN_CONSTANT_CONVERSION = YES;
				CLANG_WARN_DIRECT_OBJC_ISA_USAGE = YES_ERROR;
				CLANG_WARN_DOCUMENTATION_COMMENTS = YES;
				CLANG_WARN_EMPTY_BODY = YES;
				CLANG_WARN_ENUM_CONVERSION = YES;
				CLANG_WARN_INFINITE_RECURSION = YES;
				CLANG_WARN_INT_CONVERSION = YES;
				CLANG_WARN_OBJC_ROOT_CLASS = YES_ERROR;
				CLANG_WARN_RANGE_LOOP_ANALYSIS = YES;
				CLANG_WARN_STRICT_PROTOTYPES = YES;
				CLANG_WARN_SUSPICIOUS_MOVE = YES;
				CLANG_WARN_UNGUARDED_AVAILABILITY = YES_AGGRESSIVE;
				CLANG_WARN_UNREACHABLE_CODE = YES;
				CLANG_WARN__DUPLICATE_METHOD_MATCH = YES;
				CODE_SIGN_IDENTITY = "iPhone Developer";
				COPY_PHASE_STRIP = NO;
				DEBUG_INFORMATION_FORMAT = "dwarf-with-dsym";
				ENABLE_NS_ASSERTIONS = NO;
				ENABLE_STRICT_OBJC_MSGSEND = YES;
				GCC_C_LANGUAGE_STANDARD = gnu11;
				GCC_NO_COMMON_BLOCKS = YES;
				GCC_WARN_64_TO_32_BIT_CONVERSION = YES;
				GCC_WARN_ABOUT_RETURN_TYPE = YES_ERROR;
				GCC_WARN_UNDECLARED_SELECTOR = YES;
				GCC_WARN_UNINITIALIZED_AUTOS = YES_AGGRESSIVE;
				GCC_WARN_UNUSED_FUNCTION = YES;
				GCC_WARN_UNUSED_VARIABLE = YES;
				IPHONEOS_DEPLOYMENT_TARGET = 11.0;
				MTL_ENABLE_DEBUG_INFO = NO;
				SDKROOT = iphoneos;
				SWIFT_OPTIMIZATION_LEVEL = "-Owholemodule";
				VALIDATE_PRODUCT = YES;
			};
			name = Release;
		};
		D85E83441F558AE400E025C7 /* Debug */ = {
			isa = XCBuildConfiguration;
			buildSettings = {
				ASSETCATALOG_COMPILER_APPICON_NAME = AppIcon;
				DEVELOPMENT_TEAM = EEL7HA3WWW;
				INFOPLIST_FILE = ShopifyApp/Info.plist;
				LD_RUNPATH_SEARCH_PATHS = "$(inherited) @executable_path/Frameworks";
				PRODUCT_BUNDLE_IDENTIFIER = com.adityamaru.ShopifyApp;
				PRODUCT_NAME = "$(TARGET_NAME)";
				SWIFT_VERSION = 4.0;
				TARGETED_DEVICE_FAMILY = "1,2";
			};
			name = Debug;
		};
		D85E83451F558AE400E025C7 /* Release */ = {
			isa = XCBuildConfiguration;
			buildSettings = {
				ASSETCATALOG_COMPILER_APPICON_NAME = AppIcon;
				DEVELOPMENT_TEAM = EEL7HA3WWW;
				INFOPLIST_FILE = ShopifyApp/Info.plist;
				LD_RUNPATH_SEARCH_PATHS = "$(inherited) @executable_path/Frameworks";
				PRODUCT_BUNDLE_IDENTIFIER = com.adityamaru.ShopifyApp;
				PRODUCT_NAME = "$(TARGET_NAME)";
				SWIFT_VERSION = 4.0;
				TARGETED_DEVICE_FAMILY = "1,2";
			};
			name = Release;
		};
/* End XCBuildConfiguration section */

/* Begin XCConfigurationList section */
		D85E83291F558AE400E025C7 /* Build configuration list for PBXProject "ShopifyApp" */ = {
			isa = XCConfigurationList;
			buildConfigurations = (
				D85E83411F558AE400E025C7 /* Debug */,
				D85E83421F558AE400E025C7 /* Release */,
			);
			defaultConfigurationIsVisible = 0;
			defaultConfigurationName = Release;
		};
		D85E83431F558AE400E025C7 /* Build configuration list for PBXNativeTarget "ShopifyApp" */ = {
			isa = XCConfigurationList;
			buildConfigurations = (
				D85E83441F558AE400E025C7 /* Debug */,
				D85E83451F558AE400E025C7 /* Release */,
			);
			defaultConfigurationIsVisible = 0;
		};
/* End XCConfigurationList section */

/* Begin XCVersionGroup section */
		D85E83381F558AE400E025C7 /* ShopifyApp.xcdatamodeld */ = {
			isa = XCVersionGroup;
			children = (
				D85E83391F558AE400E025C7 /* ShopifyApp.xcdatamodel */,
			);
			currentVersion = D85E83391F558AE400E025C7 /* ShopifyApp.xcdatamodel */;
			path = ShopifyApp.xcdatamodeld;
			sourceTree = "<group>";
			versionGroupType = wrapper.xcdatamodel;
		};
/* End XCVersionGroup section */
	};
	rootObject = D85E83261F558AE400E025C7 /* Project object */;
}
